# THIS IS AN AUTOGENERATED FILE. DO NOT EDIT THIS FILE DIRECTLY.
# yarn lockfile v1


"@types/node@^14.11.1":
  version "14.11.1"
  resolved "https://registry.yarnpkg.com/@types/node/-/node-14.11.1.tgz#56af902ad157e763f9ba63d671c39cda3193c835"
  integrity sha512-oTQgnd0hblfLsJ6BvJzzSL+Inogp3lq9fGgqRkMB/ziKMgEUaFl801OncOzUmalfzt14N0oPHMK47ipl+wbTIw==

"@types/prop-types@*":
  version "15.7.3"
  resolved "https://registry.yarnpkg.com/@types/prop-types/-/prop-types-15.7.3.tgz#2ab0d5da2e5815f94b0b9d4b95d1e5f243ab2ca7"
  integrity sha512-KfRL3PuHmqQLOG+2tGpRO26Ctg+Cq1E01D2DMriKEATHgWLfeNDmq9e29Q9WIky0dQ3NPkd1mzYH8Lm936Z9qw==

"@types/react@^16.9.49":
  version "16.9.49"
  resolved "https://registry.yarnpkg.com/@types/react/-/react-16.9.49.tgz#09db021cf8089aba0cdb12a49f8021a69cce4872"
  integrity sha512-DtLFjSj0OYAdVLBbyjhuV9CdGVHCkHn2R+xr3XkBvK2rS1Y1tkc14XSGjYgm5Fjjr90AxH9tiSzc1pCFMGO06g==
  dependencies:
    "@types/prop-types" "*"
    csstype "^3.0.2"

csstype@^3.0.2:
  version "3.0.3"
  resolved "https://registry.yarnpkg.com/csstype/-/csstype-3.0.3.tgz#2b410bbeba38ba9633353aff34b05d9755d065f8"
  integrity sha512-jPl+wbWPOWJ7SXsWyqGRk3lGecbar0Cb0OvZF/r/ZU011R4YqiRehgkQ9p4eQfo9DSDLqLL3wHwfxeJiuIsNag==

"js-tokens@^3.0.0 || ^4.0.0":
  version "4.0.0"
  resolved "https://registry.yarnpkg.com/js-tokens/-/js-tokens-4.0.0.tgz#19203fb59991df98e3a287050d4647cdeaf32499"
  integrity sha512-RdJUflcE3cUzKiMqQgsCu06FPu9UdIJO0beYbPhHN4k6apgJtifcoCtT9bcxOpYBtpD2kCM6Sbzg4CausW/PKQ==

loose-envify@^1.1.0, loose-envify@^1.4.0:
  version "1.4.0"
  resolved "https://registry.yarnpkg.com/loose-envify/-/loose-envify-1.4.0.tgz#71ee51fa7be4caec1a63839f7e682d8132d30caf"
  integrity sha512-lyuxPGr/Wfhrlem2CL/UcnUc1zcqKAImBDzukY7Y5F/yQiNdko6+fRLevlw1HgMySw7f611UIY408EtxRSoK3Q==
  dependencies:
    js-tokens "^3.0.0 || ^4.0.0"

object-assign@^4.1.1:
  version "4.1.1"
  resolved "https://registry.yarnpkg.com/object-assign/-/object-assign-4.1.1.tgz#2109adc7965887cfc05cbbd442cac8bfbb360863"
  integrity sha1-IQmtx5ZYh8/AXLvUQsrIv7s2CGM=

prop-types@^15.6.2:
  version "15.7.2"
  resolved "https://registry.yarnpkg.com/prop-types/-/prop-types-15.7.2.tgz#52c41e75b8c87e72b9d9360e0206b99dcbffa6c5"
  integrity sha512-8QQikdH7//R2vurIJSutZ1smHYTcLpRWEOlHnzcWHmBYrOGUysKwSsrC89BCiFj3CbrfJ/nXFdJepOVrY1GCHQ==
  dependencies:
    loose-envify "^1.4.0"
    object-assign "^4.1.1"
    react-is "^16.8.1"

react-is@^16.8.1:
  version "16.13.1"
  resolved "https://registry.yarnpkg.com/react-is/-/react-is-16.13.1.tgz#789729a4dc36de2999dc156dd6c1d9c18cea56a4"
  integrity sha512-24e6ynE2H+OKt4kqsOvNd8kBpV65zoxbA4BVsEOB3ARVWQki/DHzaUoC5KuON/BiccDaCCTZBuOcfZs70kR8bQ==

react@^16.13.1:
  version "16.13.1"
  resolved "https://registry.yarnpkg.com/react/-/react-16.13.1.tgz#2e818822f1a9743122c063d6410d85c1e3afe48e"
  integrity sha512-YMZQQq32xHLX0bz5Mnibv1/LHb3Sqzngu7xstSM+vrkE5Kzr9xE0yMByK5kMoTK30YVJE61WfbxIFFvfeDKT1w==
  dependencies:
    loose-envify "^1.1.0"
    object-assign "^4.1.1"
    prop-types "^15.6.2"

"vtex.add-to-cart-button@http://vtex.vtexassets.com/_v/public/typings/v1/vtex.add-to-cart-button@0.18.0/public/@types/vtex.add-to-cart-button":
  version "0.18.0"
  resolved "http://vtex.vtexassets.com/_v/public/typings/v1/vtex.add-to-cart-button@0.18.0/public/@types/vtex.add-to-cart-button#21d1a9b72c1dd1ef61ad87e576e871729ade7f05"

"vtex.breadcrumb@http://vtex.vtexassets.com/_v/public/typings/v1/vtex.breadcrumb@1.9.1/public/@types/vtex.breadcrumb":
  version "1.9.1"
  resolved "http://vtex.vtexassets.com/_v/public/typings/v1/vtex.breadcrumb@1.9.1/public/@types/vtex.breadcrumb#015bac17938f439d0deb97236fa54f724165fb6b"

"vtex.carousel@http://vtex.vtexassets.com/_v/public/typings/v1/vtex.carousel@2.12.1/public/@types/vtex.carousel":
  version "2.12.1"
  resolved "http://vtex.vtexassets.com/_v/public/typings/v1/vtex.carousel@2.12.1/public/@types/vtex.carousel#f99139a9d22227fa239192a058defd13f8cc50be"

"vtex.flex-layout@http://vtex.vtexassets.com/_v/public/typings/v1/vtex.flex-layout@0.15.1/public/@types/vtex.flex-layout":
  version "0.15.1"
  resolved "http://vtex.vtexassets.com/_v/public/typings/v1/vtex.flex-layout@0.15.1/public/@types/vtex.flex-layout#b5e99e063dc79cf86c4a1167383e6661cfbc8e61"

"vtex.iframe@http://vtex.vtexassets.com/_v/public/typings/v1/vtex.iframe@0.1.2/public/@types/vtex.iframe":
  version "0.1.2"
  resolved "http://vtex.vtexassets.com/_v/public/typings/v1/vtex.iframe@0.1.2/public/@types/vtex.iframe#865d7bcdcb819e9fea35ec124fc999602f68d225"

"vtex.locale-switcher@http://vtex.vtexassets.com/_v/public/typings/v1/vtex.locale-switcher@0.5.5/public/@types/vtex.locale-switcher":
  version "0.5.5"
  resolved "http://vtex.vtexassets.com/_v/public/typings/v1/vtex.locale-switcher@0.5.5/public/@types/vtex.locale-switcher#c07555ef8aef2e6b635a4c6b5f7b421930e1eda6"

"vtex.login@http://vtex.vtexassets.com/_v/public/typings/v1/vtex.login@2.38.0/public/_types/react":
  version "0.0.0"
  resolved "http://vtex.vtexassets.com/_v/public/typings/v1/vtex.login@2.38.0/public/_types/react#fa7a0347e046eab3dd768998fc9252b2c0dd5aef"

"vtex.menu@http://vtex.vtexassets.com/_v/public/typings/v1/vtex.menu@2.26.0/public/@types/vtex.menu":
  version "2.26.0"
  resolved "http://vtex.vtexassets.com/_v/public/typings/v1/vtex.menu@2.26.0/public/@types/vtex.menu#170d78e04264522b41b287b12abb5b37e18c1629"

"vtex.minicart@http://vtex.vtexassets.com/_v/public/typings/v1/vtex.minicart@2.51.1/public/@types/vtex.minicart":
  version "2.51.1"
  resolved "http://vtex.vtexassets.com/_v/public/typings/v1/vtex.minicart@2.51.1/public/@types/vtex.minicart#6f3843166da95d7c68b2a88de2d3520a039e842e"

"vtex.my-account@http://vtex.vtexassets.com/_v/public/typings/v1/vtex.my-account@1.17.0/public/@types/vtex.my-account":
  version "1.17.0"
  resolved "http://vtex.vtexassets.com/_v/public/typings/v1/vtex.my-account@1.17.0/public/@types/vtex.my-account#792f6c94d29b80c854446e85a199042bd3153211"

"vtex.order-placed@http://vtex.vtexassets.com/_v/public/typings/v1/vtex.order-placed@2.4.2/public/@types/vtex.order-placed":
  version "2.4.2"
  resolved "http://vtex.vtexassets.com/_v/public/typings/v1/vtex.order-placed@2.4.2/public/@types/vtex.order-placed#d28c6a9a93f75c0f3ff45285997ff8caf98a2fc2"

"vtex.product-details@http://vtex.vtexassets.com/_v/public/typings/v1/vtex.product-details@1.19.10/public/_types/react":
  version "0.0.0"
  resolved "http://vtex.vtexassets.com/_v/public/typings/v1/vtex.product-details@1.19.10/public/_types/react#fa7a0347e046eab3dd768998fc9252b2c0dd5aef"

"vtex.product-identifier@http://vtex.vtexassets.com/_v/public/typings/v1/vtex.product-identifier@0.1.2/public/@types/vtex.product-identifier":
  version "0.1.2"
  resolved "http://vtex.vtexassets.com/_v/public/typings/v1/vtex.product-identifier@0.1.2/public/@types/vtex.product-identifier#e5f249136a1e1d54eae5f5c2bf512144a0f67477"

"vtex.product-kit@http://vtex.vtexassets.com/_v/public/typings/v1/vtex.product-kit@1.10.1/public/_types/react":
  version "0.0.0"
  resolved "http://vtex.vtexassets.com/_v/public/typings/v1/vtex.product-kit@1.10.1/public/_types/react#fa7a0347e046eab3dd768998fc9252b2c0dd5aef"

"vtex.product-quantity@http://vtex.vtexassets.com/_v/public/typings/v1/vtex.product-quantity@1.4.1/public/@types/vtex.product-quantity":
  version "1.4.1"
  resolved "http://vtex.vtexassets.com/_v/public/typings/v1/vtex.product-quantity@1.4.1/public/@types/vtex.product-quantity#76166673a361ae6cda95aa5fa6068db56c16c78b"

"vtex.product-review-interfaces@http://vtex.vtexassets.com/_v/public/typings/v1/vtex.product-review-interfaces@1.0.2/public/_types/react":
  version "1.0.2"
  resolved "http://vtex.vtexassets.com/_v/public/typings/v1/vtex.product-review-interfaces@1.0.2/public/_types/react#84d1997cdae079d1401611f3d4a4619ed914673f"

"vtex.product-specification-badges@http://vtex.vtexassets.com/_v/public/typings/v1/vtex.product-specification-badges@0.1.2/public/@types/vtex.product-specification-badges":
  version "0.1.2"
  resolved "http://vtex.vtexassets.com/_v/public/typings/v1/vtex.product-specification-badges@0.1.2/public/@types/vtex.product-specification-badges#5bf4e90216e7d9a6c2205d7c00ee8ef4da1ddb52"

"vtex.product-summary@http://vtex.vtexassets.com/_v/public/typings/v1/vtex.product-summary@2.58.4/public/_types/react":
  version "0.0.0"
  resolved "http://vtex.vtexassets.com/_v/public/typings/v1/vtex.product-summary@2.58.4/public/_types/react#fa7a0347e046eab3dd768998fc9252b2c0dd5aef"

"vtex.render-runtime@http://vtex.vtexassets.com/_v/public/typings/v1/vtex.render-runtime@8.121.0/public/@types/vtex.render-runtime":
  version "8.121.0"
  resolved "http://vtex.vtexassets.com/_v/public/typings/v1/vtex.render-runtime@8.121.0/public/@types/vtex.render-runtime#2d5cfba8888df1844a808828b87e5331ab5baa59"

"vtex.responsive-layout@http://vtex.vtexassets.com/_v/public/typings/v1/vtex.responsive-layout@0.1.2/public/@types/vtex.responsive-layout":
  version "0.1.2"
  resolved "http://vtex.vtexassets.com/_v/public/typings/v1/vtex.responsive-layout@0.1.2/public/@types/vtex.responsive-layout#e33f23a78afb3ffb8ff8aedc77b1ca6728583e72"

"vtex.rich-text@http://vtex.vtexassets.com/_v/public/typings/v1/vtex.rich-text@0.11.0/public/@types/vtex.rich-text":
  version "0.11.0"
  resolved "http://vtex.vtexassets.com/_v/public/typings/v1/vtex.rich-text@0.11.0/public/@types/vtex.rich-text#cbec4f8f36c3f6bdb0d2cb3ae7496ef81c8fd11c"

"vtex.search-result@http://vtex.vtexassets.com/_v/public/typings/v1/vtex.search-result@3.76.0/public/@types/vtex.search-result":
  version "3.76.0"
  resolved "http://vtex.vtexassets.com/_v/public/typings/v1/vtex.search-result@3.76.0/public/@types/vtex.search-result#61c5c8d33668d141f61e0447cab597c4e1c9853c"

"vtex.shelf@http://vtex.vtexassets.com/_v/public/typings/v1/vtex.shelf@1.43.1/public/_types/react":
  version "0.0.0"
  resolved "http://vtex.vtexassets.com/_v/public/typings/v1/vtex.shelf@1.43.1/public/_types/react#fa7a0347e046eab3dd768998fc9252b2c0dd5aef"

"vtex.slider-layout@http://vtex.vtexassets.com/_v/public/typings/v1/vtex.slider-layout@0.15.0/public/@types/vtex.slider-layout":
  version "0.15.0"
  resolved "http://vtex.vtexassets.com/_v/public/typings/v1/vtex.slider-layout@0.15.0/public/@types/vtex.slider-layout#3457d2937590d5fea8b3999be4789ef133421ddf"

"vtex.slider@http://vtex.vtexassets.com/_v/public/typings/v1/vtex.slider@0.8.2/public/_types/react":
  version "0.0.0"
  resolved "http://vtex.vtexassets.com/_v/public/typings/v1/vtex.slider@0.8.2/public/_types/react#fa7a0347e046eab3dd768998fc9252b2c0dd5aef"

"vtex.stack-layout@http://vtex.vtexassets.com/_v/public/typings/v1/vtex.stack-layout@0.1.0/public/@types/vtex.stack-layout":
  version "0.1.0"
  resolved "http://vtex.vtexassets.com/_v/public/typings/v1/vtex.stack-layout@0.1.0/public/@types/vtex.stack-layout#79bcd9f70b4b6926b85686be14879a3b90d52c63"

"vtex.sticky-layout@http://vtex.vtexassets.com/_v/public/typings/v1/vtex.sticky-layout@0.3.4/public/@types/vtex.sticky-layout":
  version "0.3.4"
  resolved "http://vtex.vtexassets.com/_v/public/typings/v1/vtex.sticky-layout@0.3.4/public/@types/vtex.sticky-layout#5b786d6f9ab0a40e4997c955a75885eee32515ef"

"vtex.store-components@http://vtex.vtexassets.com/_v/public/typings/v1/vtex.store-components@3.129.0/public/@types/vtex.store-components":
  version "3.129.0"
  resolved "http://vtex.vtexassets.com/_v/public/typings/v1/vtex.store-components@3.129.0/public/@types/vtex.store-components#0e313a4a132f23b41bae1f1ddbcecb9291a7c6fe"

"vtex.store-drawer@http://vtex.vtexassets.com/_v/public/typings/v1/vtex.store-drawer@0.14.0/public/@types/vtex.store-drawer":
  version "0.14.0"
  resolved "http://vtex.vtexassets.com/_v/public/typings/v1/vtex.store-drawer@0.14.0/public/@types/vtex.store-drawer#a24567fa4e34a7488170398ce157b873f0ad69df"

"vtex.store-footer@http://vtex.vtexassets.com/_v/public/typings/v1/vtex.store-footer@2.20.1/public/@types/vtex.store-footer":
  version "2.20.1"
  resolved "http://vtex.vtexassets.com/_v/public/typings/v1/vtex.store-footer@2.20.1/public/@types/vtex.store-footer#bfbbc163056efea6853b2b1c0649f7b00c6d9ee1"

"vtex.store-header@http://vtex.vtexassets.com/_v/public/typings/v1/vtex.store-header@2.25.6/public/_types/react":
  version "0.0.0"
  resolved "http://vtex.vtexassets.com/_v/public/typings/v1/vtex.store-header@2.25.6/public/_types/react#fa7a0347e046eab3dd768998fc9252b2c0dd5aef"

"vtex.store@http://vtex.vtexassets.com/_v/public/typings/v1/vtex.store@2.104.0/public/@types/vtex.store":
  version "2.104.0"
  resolved "http://vtex.vtexassets.com/_v/public/typings/v1/vtex.store@2.104.0/public/@types/vtex.store#72319d95bbbbdfe694b0476224f225c2f3dbe188"

"vtex.styleguide@http://vtex.vtexassets.com/_v/public/typings/v1/vtex.styleguide@9.129.0/public/@types/vtex.styleguide":
  version "9.129.0"
  resolved "http://vtex.vtexassets.com/_v/public/typings/v1/vtex.styleguide@9.129.0/public/@types/vtex.styleguide#916e6fbd7f14585c9e07e040d41d8966860affba"

"vtex.tab-layout@http://vtex.vtexassets.com/_v/public/typings/v1/vtex.tab-layout@0.4.0/public/@types/vtex.tab-layout":
  version "0.4.0"
  resolved "http://vtex.vtexassets.com/_v/public/typings/v1/vtex.tab-layout@0.4.0/public/@types/vtex.tab-layout#d9bf86a10f2a50578a17793f38333204c4e3e961"

"vtex.telemarketing@http://vtex.vtexassets.com/_v/public/typings/v1/vtex.telemarketing@2.10.2/public/@types/vtex.telemarketing":
  version "2.10.2"
  resolved "http://vtex.vtexassets.com/_v/public/typings/v1/vtex.telemarketing@2.10.2/public/@types/vtex.telemarketing#618f97a1cc0af09b5809cf2f4561cc19b9189cef"
